{
  "version": 4,
  "terraform_version": "0.12.16",
  "serial": 120,
  "lineage": "e3c915d5-fe88-b293-cbf8-75e697fc1a1f",
  "outputs": {},
  "resources": [
    {
      "module": "module.database",
      "mode": "managed",
      "type": "scaleway_instance_ip",
      "name": "ip",
      "each": "list",
      "provider": "provider.scaleway",
      "instances": []
    },
    {
      "module": "module.web",
      "mode": "managed",
      "type": "scaleway_instance_ip",
      "name": "ip",
      "each": "list",
      "provider": "provider.scaleway",
      "instances": []
    },
    {
      "module": "module.proxy",
      "mode": "managed",
      "type": "scaleway_instance_ip",
      "name": "ip",
      "each": "list",
      "provider": "provider.scaleway",
      "instances": [
        {
          "index_key": 0,
          "schema_version": 0,
          "attributes": {
            "address": "212.47.235.234",
            "id": "fr-par-1/44cdedf2-1bbe-4fb6-977f-2911af200288",
            "organization_id": "ead9627e-5f3e-4fe9-9e00-c530aceec1be",
            "reverse": "",
            "server_id": "d2e12c2c-f60e-4424-b813-d7050038631c",
            "zone": "fr-par-1"
          },
          "private": "bnVsbA==",
          "dependencies": [
            "module.proxy.scaleway_instance_server.instances",
            "module.proxy.scaleway_security_group.security_group"
          ]
        }
      ]
    },
    {
      "module": "module.database",
      "mode": "managed",
      "type": "scaleway_instance_server",
      "name": "instances",
      "each": "list",
      "provider": "provider.scaleway",
      "instances": [
        {
          "index_key": 0,
          "schema_version": 0,
          "attributes": {
            "additional_volume_ids": [],
            "cloud_init": null,
            "disable_dynamic_ip": false,
            "disable_public_ip": false,
            "enable_ipv6": false,
            "id": "fr-par-1/cc6088f5-c12d-4ca9-b69f-6475c8232495",
            "image": "a0702ada-05bf-4f0d-9390-872935080649",
            "ipv6_address": "",
            "ipv6_gateway": "",
            "ipv6_prefix_length": 0,
            "name": "default-database-fr-par-c1n1",
            "organization_id": null,
            "placement_group_id": null,
            "placement_group_policy_respected": null,
            "private_ip": "10.65.92.149",
            "public_ip": "51.158.98.135",
            "root_volume": [
              {
                "delete_on_termination": true,
                "size_in_gb": 20,
                "volume_id": "d434035c-d45a-44db-97ae-527009983291"
              }
            ],
            "security_group_id": "d186c0ee-192b-4749-b84f-93307264daea",
            "state": "started",
            "tags": [],
            "type": "DEV1-S",
            "user_data": [],
            "zone": "fr-par-1"
          },
          "private": "bnVsbA==",
          "dependencies": [
            "module.database.scaleway_security_group.security_group"
          ]
        }
      ]
    },
    {
      "module": "module.web",
      "mode": "managed",
      "type": "scaleway_instance_server",
      "name": "instances",
      "each": "list",
      "provider": "provider.scaleway",
      "instances": [
        {
          "index_key": 0,
          "schema_version": 0,
          "attributes": {
            "additional_volume_ids": [],
            "cloud_init": null,
            "disable_dynamic_ip": false,
            "disable_public_ip": false,
            "enable_ipv6": false,
            "id": "fr-par-1/3178fbe3-5f4b-4f31-88ee-9d49220ea226",
            "image": "a0702ada-05bf-4f0d-9390-872935080649",
            "ipv6_address": "",
            "ipv6_gateway": "",
            "ipv6_prefix_length": 0,
            "name": "default-web-fr-par-c1n1",
            "organization_id": null,
            "placement_group_id": null,
            "placement_group_policy_respected": null,
            "private_ip": "10.64.58.81",
            "public_ip": "51.158.111.230",
            "root_volume": [
              {
                "delete_on_termination": true,
                "size_in_gb": 20,
                "volume_id": "69a8c4e4-2fe7-45bd-9f27-51fcf8a489cd"
              }
            ],
            "security_group_id": "223f0c22-acdf-46c5-8c13-edc63879279b",
            "state": "started",
            "tags": [],
            "type": "DEV1-S",
            "user_data": [],
            "zone": "fr-par-1"
          },
          "private": "bnVsbA==",
          "dependencies": [
            "module.web.scaleway_security_group.security_group"
          ]
        },
        {
          "index_key": 1,
          "schema_version": 0,
          "attributes": {
            "additional_volume_ids": [],
            "cloud_init": null,
            "disable_dynamic_ip": false,
            "disable_public_ip": false,
            "enable_ipv6": false,
            "id": "fr-par-1/980012a3-0392-442f-83b1-fba9d0e3775e",
            "image": "a0702ada-05bf-4f0d-9390-872935080649",
            "ipv6_address": "",
            "ipv6_gateway": "",
            "ipv6_prefix_length": 0,
            "name": "default-web-fr-par-c1n2",
            "organization_id": null,
            "placement_group_id": null,
            "placement_group_policy_respected": null,
            "private_ip": "10.64.6.53",
            "public_ip": "163.172.190.154",
            "root_volume": [
              {
                "delete_on_termination": true,
                "size_in_gb": 20,
                "volume_id": "c0944e69-93a5-44bd-9b87-4b58a54836ea"
              }
            ],
            "security_group_id": "223f0c22-acdf-46c5-8c13-edc63879279b",
            "state": "started",
            "tags": [],
            "type": "DEV1-S",
            "user_data": [],
            "zone": "fr-par-1"
          },
          "private": "bnVsbA==",
          "dependencies": [
            "module.web.scaleway_security_group.security_group"
          ]
        },
        {
          "index_key": 2,
          "schema_version": 0,
          "attributes": {
            "additional_volume_ids": [],
            "cloud_init": null,
            "disable_dynamic_ip": false,
            "disable_public_ip": false,
            "enable_ipv6": false,
            "id": "fr-par-1/336f4420-0100-4509-8075-54cf85e37093",
            "image": "a0702ada-05bf-4f0d-9390-872935080649",
            "ipv6_address": "",
            "ipv6_gateway": "",
            "ipv6_prefix_length": 0,
            "name": "default-web-fr-par-c1n3",
            "organization_id": null,
            "placement_group_id": null,
            "placement_group_policy_respected": null,
            "private_ip": "10.64.120.85",
            "public_ip": "51.158.114.77",
            "root_volume": [
              {
                "delete_on_termination": true,
                "size_in_gb": 20,
                "volume_id": "a919cf16-ee85-4925-b542-7a9c0bbaedd8"
              }
            ],
            "security_group_id": "223f0c22-acdf-46c5-8c13-edc63879279b",
            "state": "started",
            "tags": [],
            "type": "DEV1-S",
            "user_data": [],
            "zone": "fr-par-1"
          },
          "private": "bnVsbA==",
          "dependencies": [
            "module.web.scaleway_security_group.security_group"
          ]
        }
      ]
    },
    {
      "module": "module.proxy",
      "mode": "managed",
      "type": "scaleway_instance_server",
      "name": "instances",
      "each": "list",
      "provider": "provider.scaleway",
      "instances": [
        {
          "index_key": 0,
          "schema_version": 0,
          "attributes": {
            "additional_volume_ids": [],
            "cloud_init": null,
            "disable_dynamic_ip": false,
            "disable_public_ip": false,
            "enable_ipv6": false,
            "id": "fr-par-1/d2e12c2c-f60e-4424-b813-d7050038631c",
            "image": "a0702ada-05bf-4f0d-9390-872935080649",
            "ipv6_address": "",
            "ipv6_gateway": "",
            "ipv6_prefix_length": 0,
            "name": "default-proxy-fr-par-c1n1",
            "organization_id": null,
            "placement_group_id": null,
            "placement_group_policy_respected": null,
            "private_ip": "10.64.0.175",
            "public_ip": "212.47.235.234",
            "root_volume": [
              {
                "delete_on_termination": true,
                "size_in_gb": 20,
                "volume_id": "f82fcaff-86a3-484d-921c-693f21cef736"
              }
            ],
            "security_group_id": "eebe2df8-6743-4f57-810e-9b3f2705857b",
            "state": "started",
            "tags": [],
            "type": "DEV1-S",
            "user_data": [],
            "zone": "fr-par-1"
          },
          "private": "bnVsbA==",
          "dependencies": [
            "module.proxy.scaleway_security_group.security_group"
          ]
        }
      ]
    },
    {
      "module": "module.database",
      "mode": "managed",
      "type": "scaleway_security_group",
      "name": "security_group",
      "provider": "provider.scaleway",
      "instances": [
        {
          "schema_version": 0,
          "attributes": {
            "description": "Allow all network configuration for 1",
            "enable_default_security": true,
            "id": "d186c0ee-192b-4749-b84f-93307264daea",
            "inbound_default_policy": "drop",
            "name": "default-database-fr-par-c1",
            "outbound_default_policy": "drop",
            "stateful": false
          },
          "private": "bnVsbA=="
        }
      ]
    },
    {
      "module": "module.web",
      "mode": "managed",
      "type": "scaleway_security_group",
      "name": "security_group",
      "provider": "provider.scaleway",
      "instances": [
        {
          "schema_version": 0,
          "attributes": {
            "description": "Allow all network configuration for 1",
            "enable_default_security": true,
            "id": "223f0c22-acdf-46c5-8c13-edc63879279b",
            "inbound_default_policy": "drop",
            "name": "default-web-fr-par-c1",
            "outbound_default_policy": "drop",
            "stateful": false
          },
          "private": "bnVsbA=="
        }
      ]
    },
    {
      "module": "module.proxy",
      "mode": "managed",
      "type": "scaleway_security_group",
      "name": "security_group",
      "provider": "provider.scaleway",
      "instances": [
        {
          "schema_version": 0,
          "attributes": {
            "description": "Allow all network configuration for 1",
            "enable_default_security": true,
            "id": "eebe2df8-6743-4f57-810e-9b3f2705857b",
            "inbound_default_policy": "drop",
            "name": "default-proxy-fr-par-c1",
            "outbound_default_policy": "drop",
            "stateful": false
          },
          "private": "bnVsbA=="
        }
      ]
    },
    {
      "module": "module.database",
      "mode": "managed",
      "type": "scaleway_security_group_rule",
      "name": "self_inbound",
      "each": "list",
      "provider": "provider.scaleway",
      "instances": [
        {
          "index_key": 0,
          "schema_version": 0,
          "attributes": {
            "action": "accept",
            "direction": "inbound",
            "id": "f2c19a8a-309e-48a1-9c2a-39c44ef02745",
            "ip_range": "10.65.92.149",
            "port": 5432,
            "protocol": "TCP",
            "security_group": "d186c0ee-192b-4749-b84f-93307264daea"
          },
          "private": "bnVsbA==",
          "dependencies": [
            "module.database.scaleway_instance_server.instances",
            "module.database.scaleway_security_group.security_group"
          ]
        },
        {
          "index_key": 1,
          "schema_version": 0,
          "attributes": {
            "action": "accept",
            "direction": "inbound",
            "id": "32a691cc-d620-4275-a287-600427837d5c",
            "ip_range": "10.65.92.149",
            "port": 22,
            "protocol": "TCP",
            "security_group": "d186c0ee-192b-4749-b84f-93307264daea"
          },
          "private": "bnVsbA==",
          "dependencies": [
            "module.database.scaleway_instance_server.instances",
            "module.database.scaleway_security_group.security_group"
          ]
        }
      ]
    },
    {
      "module": "module.web",
      "mode": "managed",
      "type": "scaleway_security_group_rule",
      "name": "self_inbound",
      "each": "list",
      "provider": "provider.scaleway",
      "instances": [
        {
          "index_key": 0,
          "schema_version": 0,
          "attributes": {
            "action": "accept",
            "direction": "inbound",
            "id": "46c00d6e-2de0-435d-af88-e501af4b6815",
            "ip_range": "10.64.58.81",
            "port": 8080,
            "protocol": "TCP",
            "security_group": "223f0c22-acdf-46c5-8c13-edc63879279b"
          },
          "private": "bnVsbA==",
          "dependencies": [
            "module.web.scaleway_instance_server.instances",
            "module.web.scaleway_security_group.security_group"
          ]
        },
        {
          "index_key": 1,
          "schema_version": 0,
          "attributes": {
            "action": "accept",
            "direction": "inbound",
            "id": "b7c2429e-a51e-4d90-9360-fff4c537c795",
            "ip_range": "10.64.6.53",
            "port": 8080,
            "protocol": "TCP",
            "security_group": "223f0c22-acdf-46c5-8c13-edc63879279b"
          },
          "private": "bnVsbA==",
          "dependencies": [
            "module.web.scaleway_instance_server.instances",
            "module.web.scaleway_security_group.security_group"
          ]
        },
        {
          "index_key": 2,
          "schema_version": 0,
          "attributes": {
            "action": "accept",
            "direction": "inbound",
            "id": "bc9107f9-26f6-49ad-9e7c-cd713ffda905",
            "ip_range": "10.64.120.85",
            "port": 8080,
            "protocol": "TCP",
            "security_group": "223f0c22-acdf-46c5-8c13-edc63879279b"
          },
          "private": "bnVsbA==",
          "dependencies": [
            "module.web.scaleway_instance_server.instances",
            "module.web.scaleway_security_group.security_group"
          ]
        },
        {
          "index_key": 3,
          "schema_version": 0,
          "attributes": {
            "action": "accept",
            "direction": "inbound",
            "id": "47cbb52a-4daa-42d7-aa91-f9e8466a50e6",
            "ip_range": "10.64.58.81",
            "port": 22,
            "protocol": "TCP",
            "security_group": "223f0c22-acdf-46c5-8c13-edc63879279b"
          },
          "private": "bnVsbA==",
          "dependencies": [
            "module.web.scaleway_instance_server.instances",
            "module.web.scaleway_security_group.security_group"
          ]
        },
        {
          "index_key": 4,
          "schema_version": 0,
          "attributes": {
            "action": "accept",
            "direction": "inbound",
            "id": "2bf81334-039e-4150-b00d-2e9b803d8ac3",
            "ip_range": "10.64.6.53",
            "port": 22,
            "protocol": "TCP",
            "security_group": "223f0c22-acdf-46c5-8c13-edc63879279b"
          },
          "private": "bnVsbA==",
          "dependencies": [
            "module.web.scaleway_instance_server.instances",
            "module.web.scaleway_security_group.security_group"
          ]
        },
        {
          "index_key": 5,
          "schema_version": 0,
          "attributes": {
            "action": "accept",
            "direction": "inbound",
            "id": "3e6a8623-cfba-483b-ac88-7251289ed730",
            "ip_range": "10.64.120.85",
            "port": 22,
            "protocol": "TCP",
            "security_group": "223f0c22-acdf-46c5-8c13-edc63879279b"
          },
          "private": "bnVsbA==",
          "dependencies": [
            "module.web.scaleway_instance_server.instances",
            "module.web.scaleway_security_group.security_group"
          ]
        }
      ]
    },
    {
      "module": "module.proxy",
      "mode": "managed",
      "type": "scaleway_security_group_rule",
      "name": "self_inbound",
      "each": "list",
      "provider": "provider.scaleway",
      "instances": [
        {
          "index_key": 0,
          "schema_version": 0,
          "attributes": {
            "action": "accept",
            "direction": "inbound",
            "id": "72ee6451-2f2c-493f-ba0f-ee6e8432e6dc",
            "ip_range": "0.0.0.0/0",
            "port": 80,
            "protocol": "TCP",
            "security_group": "eebe2df8-6743-4f57-810e-9b3f2705857b"
          },
          "private": "bnVsbA==",
          "dependencies": [
            "module.proxy.scaleway_instance_server.instances",
            "module.proxy.scaleway_security_group.security_group"
          ]
        },
        {
          "index_key": 1,
          "schema_version": 0,
          "attributes": {
            "action": "accept",
            "direction": "inbound",
            "id": "eaf1f9d8-0da7-4f21-ab5c-c5016fe4e96e",
            "ip_range": "0.0.0.0/0",
            "port": 443,
            "protocol": "TCP",
            "security_group": "eebe2df8-6743-4f57-810e-9b3f2705857b"
          },
          "private": "bnVsbA==",
          "dependencies": [
            "module.proxy.scaleway_instance_server.instances",
            "module.proxy.scaleway_security_group.security_group"
          ]
        },
        {
          "index_key": 2,
          "schema_version": 0,
          "attributes": {
            "action": "accept",
            "direction": "inbound",
            "id": "fe473d35-e830-4787-9c20-69a6ac3e77d7",
            "ip_range": "0.0.0.0/0",
            "port": 22,
            "protocol": "TCP",
            "security_group": "eebe2df8-6743-4f57-810e-9b3f2705857b"
          },
          "private": "bnVsbA==",
          "dependencies": [
            "module.proxy.scaleway_instance_server.instances",
            "module.proxy.scaleway_security_group.security_group"
          ]
        }
      ]
    },
    {
      "module": "module.database",
      "mode": "managed",
      "type": "scaleway_security_group_rule",
      "name": "self_outbound",
      "each": "list",
      "provider": "provider.scaleway",
      "instances": [
        {
          "index_key": 0,
          "schema_version": 0,
          "attributes": {
            "action": "accept",
            "direction": "outbound",
            "id": "a1b70f66-6b1a-42ca-9c13-b30c601eef32",
            "ip_range": "10.65.92.149",
            "port": 5432,
            "protocol": "TCP",
            "security_group": "d186c0ee-192b-4749-b84f-93307264daea"
          },
          "private": "bnVsbA==",
          "dependencies": [
            "module.database.scaleway_instance_server.instances",
            "module.database.scaleway_security_group.security_group"
          ]
        },
        {
          "index_key": 1,
          "schema_version": 0,
          "attributes": {
            "action": "accept",
            "direction": "outbound",
            "id": "f741d880-45d9-4c71-b690-562aa4a62eda",
            "ip_range": "10.65.92.149",
            "port": 22,
            "protocol": "TCP",
            "security_group": "d186c0ee-192b-4749-b84f-93307264daea"
          },
          "private": "bnVsbA==",
          "dependencies": [
            "module.database.scaleway_instance_server.instances",
            "module.database.scaleway_security_group.security_group"
          ]
        }
      ]
    },
    {
      "module": "module.web",
      "mode": "managed",
      "type": "scaleway_security_group_rule",
      "name": "self_outbound",
      "each": "list",
      "provider": "provider.scaleway",
      "instances": [
        {
          "index_key": 0,
          "schema_version": 0,
          "attributes": {
            "action": "accept",
            "direction": "outbound",
            "id": "229506f5-bbae-4afd-a443-3fa1bbdd558b",
            "ip_range": "10.64.58.81",
            "port": 8080,
            "protocol": "TCP",
            "security_group": "223f0c22-acdf-46c5-8c13-edc63879279b"
          },
          "private": "bnVsbA==",
          "dependencies": [
            "module.web.scaleway_instance_server.instances",
            "module.web.scaleway_security_group.security_group"
          ]
        },
        {
          "index_key": 1,
          "schema_version": 0,
          "attributes": {
            "action": "accept",
            "direction": "outbound",
            "id": "434cbb6d-0931-4951-a34c-e51dcb291fdc",
            "ip_range": "10.64.6.53",
            "port": 8080,
            "protocol": "TCP",
            "security_group": "223f0c22-acdf-46c5-8c13-edc63879279b"
          },
          "private": "bnVsbA==",
          "dependencies": [
            "module.web.scaleway_instance_server.instances",
            "module.web.scaleway_security_group.security_group"
          ]
        },
        {
          "index_key": 2,
          "schema_version": 0,
          "attributes": {
            "action": "accept",
            "direction": "outbound",
            "id": "092b5e9e-3a47-4efc-9458-0918851429c2",
            "ip_range": "10.64.120.85",
            "port": 8080,
            "protocol": "TCP",
            "security_group": "223f0c22-acdf-46c5-8c13-edc63879279b"
          },
          "private": "bnVsbA==",
          "dependencies": [
            "module.web.scaleway_instance_server.instances",
            "module.web.scaleway_security_group.security_group"
          ]
        },
        {
          "index_key": 3,
          "schema_version": 0,
          "attributes": {
            "action": "accept",
            "direction": "outbound",
            "id": "d58a64ae-0ac2-4a4e-8bd5-97de81c1a8b9",
            "ip_range": "10.64.58.81",
            "port": 22,
            "protocol": "TCP",
            "security_group": "223f0c22-acdf-46c5-8c13-edc63879279b"
          },
          "private": "bnVsbA==",
          "dependencies": [
            "module.web.scaleway_instance_server.instances",
            "module.web.scaleway_security_group.security_group"
          ]
        },
        {
          "index_key": 4,
          "schema_version": 0,
          "attributes": {
            "action": "accept",
            "direction": "outbound",
            "id": "28a0692f-621e-4a77-868f-b628b2256a60",
            "ip_range": "10.64.6.53",
            "port": 22,
            "protocol": "TCP",
            "security_group": "223f0c22-acdf-46c5-8c13-edc63879279b"
          },
          "private": "bnVsbA==",
          "dependencies": [
            "module.web.scaleway_instance_server.instances",
            "module.web.scaleway_security_group.security_group"
          ]
        },
        {
          "index_key": 5,
          "schema_version": 0,
          "attributes": {
            "action": "accept",
            "direction": "outbound",
            "id": "7f0f059f-33be-4dd7-972c-fb6e3a06a59c",
            "ip_range": "10.64.120.85",
            "port": 22,
            "protocol": "TCP",
            "security_group": "223f0c22-acdf-46c5-8c13-edc63879279b"
          },
          "private": "bnVsbA==",
          "dependencies": [
            "module.web.scaleway_instance_server.instances",
            "module.web.scaleway_security_group.security_group"
          ]
        }
      ]
    },
    {
      "module": "module.proxy",
      "mode": "managed",
      "type": "scaleway_security_group_rule",
      "name": "self_outbound",
      "each": "list",
      "provider": "provider.scaleway",
      "instances": [
        {
          "index_key": 0,
          "schema_version": 0,
          "attributes": {
            "action": "accept",
            "direction": "outbound",
            "id": "003bb152-3672-43fb-a5d7-7aaca8ae9259",
            "ip_range": "0.0.0.0/0",
            "port": 80,
            "protocol": "TCP",
            "security_group": "eebe2df8-6743-4f57-810e-9b3f2705857b"
          },
          "private": "bnVsbA==",
          "dependencies": [
            "module.proxy.scaleway_instance_server.instances",
            "module.proxy.scaleway_security_group.security_group"
          ]
        },
        {
          "index_key": 1,
          "schema_version": 0,
          "attributes": {
            "action": "accept",
            "direction": "outbound",
            "id": "fba8eee0-41c4-4147-8552-4c61d33221ef",
            "ip_range": "0.0.0.0/0",
            "port": 443,
            "protocol": "TCP",
            "security_group": "eebe2df8-6743-4f57-810e-9b3f2705857b"
          },
          "private": "bnVsbA==",
          "dependencies": [
            "module.proxy.scaleway_instance_server.instances",
            "module.proxy.scaleway_security_group.security_group"
          ]
        },
        {
          "index_key": 2,
          "schema_version": 0,
          "attributes": {
            "action": "accept",
            "direction": "outbound",
            "id": "cd54e3ee-cbce-44da-8bde-95cf21710d1c",
            "ip_range": "0.0.0.0/0",
            "port": 22,
            "protocol": "TCP",
            "security_group": "eebe2df8-6743-4f57-810e-9b3f2705857b"
          },
          "private": "bnVsbA==",
          "dependencies": [
            "module.proxy.scaleway_instance_server.instances",
            "module.proxy.scaleway_security_group.security_group"
          ]
        }
      ]
    },
    {
      "module": "module.database",
      "mode": "managed",
      "type": "scaleway_security_group_rule",
      "name": "services_inbound",
      "each": "list",
      "provider": "provider.scaleway",
      "instances": []
    },
    {
      "module": "module.web",
      "mode": "managed",
      "type": "scaleway_security_group_rule",
      "name": "services_inbound",
      "each": "list",
      "provider": "provider.scaleway",
      "instances": [
        {
          "index_key": 0,
          "schema_version": 0,
          "attributes": {
            "action": "accept",
            "direction": "inbound",
            "id": "debbf27d-80c7-49b8-b7f8-0d1c05722101",
            "ip_range": "10.65.92.149",
            "port": 5432,
            "protocol": "TCP",
            "security_group": "223f0c22-acdf-46c5-8c13-edc63879279b"
          },
          "private": "bnVsbA==",
          "dependencies": [
            "module.database.scaleway_instance_server.instances",
            "module.database.scaleway_security_group.security_group",
            "module.web.scaleway_security_group.security_group"
          ]
        }
      ]
    },
    {
      "module": "module.proxy",
      "mode": "managed",
      "type": "scaleway_security_group_rule",
      "name": "services_inbound",
      "each": "list",
      "provider": "provider.scaleway",
      "instances": [
        {
          "index_key": 0,
          "schema_version": 0,
          "attributes": {
            "action": "accept",
            "direction": "inbound",
            "id": "159254bc-c29b-47d1-81df-50560feca566",
            "ip_range": "10.65.92.149",
            "port": 22,
            "protocol": "TCP",
            "security_group": "eebe2df8-6743-4f57-810e-9b3f2705857b"
          },
          "private": "bnVsbA==",
          "dependencies": [
            "module.database.scaleway_instance_server.instances",
            "module.proxy.scaleway_security_group.security_group",
            "module.web.scaleway_instance_server.instances"
          ]
        },
        {
          "index_key": 1,
          "schema_version": 0,
          "attributes": {
            "action": "accept",
            "direction": "inbound",
            "id": "1bcd9fbb-0fec-4440-a27f-056bc11e124d",
            "ip_range": "10.64.58.81",
            "port": 8080,
            "protocol": "TCP",
            "security_group": "eebe2df8-6743-4f57-810e-9b3f2705857b"
          },
          "private": "bnVsbA==",
          "dependencies": [
            "module.database.scaleway_instance_server.instances",
            "module.proxy.scaleway_security_group.security_group",
            "module.web.scaleway_instance_server.instances"
          ]
        },
        {
          "index_key": 2,
          "schema_version": 0,
          "attributes": {
            "action": "accept",
            "direction": "inbound",
            "id": "4b300fb5-0d27-4d67-8e44-859f12d33a3a",
            "ip_range": "10.64.6.53",
            "port": 8080,
            "protocol": "TCP",
            "security_group": "eebe2df8-6743-4f57-810e-9b3f2705857b"
          },
          "private": "bnVsbA==",
          "dependencies": [
            "module.database.scaleway_instance_server.instances",
            "module.proxy.scaleway_security_group.security_group",
            "module.web.scaleway_instance_server.instances"
          ]
        },
        {
          "index_key": 3,
          "schema_version": 0,
          "attributes": {
            "action": "accept",
            "direction": "inbound",
            "id": "868cea36-cc04-4e18-97ac-b0ee1fd6c3d6",
            "ip_range": "10.64.120.85",
            "port": 8080,
            "protocol": "TCP",
            "security_group": "eebe2df8-6743-4f57-810e-9b3f2705857b"
          },
          "private": "bnVsbA==",
          "dependencies": [
            "module.database.scaleway_instance_server.instances",
            "module.proxy.scaleway_security_group.security_group",
            "module.web.scaleway_instance_server.instances"
          ]
        },
        {
          "index_key": 4,
          "schema_version": 0,
          "attributes": {
            "action": "accept",
            "direction": "inbound",
            "id": "d9a7b114-a134-465c-9ef5-77c22b75740c",
            "ip_range": "10.64.58.81",
            "port": 22,
            "protocol": "TCP",
            "security_group": "eebe2df8-6743-4f57-810e-9b3f2705857b"
          },
          "private": "bnVsbA==",
          "dependencies": [
            "module.database.scaleway_instance_server.instances",
            "module.proxy.scaleway_security_group.security_group",
            "module.web.scaleway_instance_server.instances"
          ]
        },
        {
          "index_key": 5,
          "schema_version": 0,
          "attributes": {
            "action": "accept",
            "direction": "inbound",
            "id": "045809a3-d389-4113-9d29-03bc6e9cb07b",
            "ip_range": "10.64.6.53",
            "port": 22,
            "protocol": "TCP",
            "security_group": "eebe2df8-6743-4f57-810e-9b3f2705857b"
          },
          "private": "bnVsbA==",
          "dependencies": [
            "module.database.scaleway_instance_server.instances",
            "module.proxy.scaleway_security_group.security_group",
            "module.web.scaleway_instance_server.instances"
          ]
        },
        {
          "index_key": 6,
          "schema_version": 0,
          "attributes": {
            "action": "accept",
            "direction": "inbound",
            "id": "e7747935-8c64-46f9-899f-4cdfc39869a3",
            "ip_range": "10.64.120.85",
            "port": 22,
            "protocol": "TCP",
            "security_group": "eebe2df8-6743-4f57-810e-9b3f2705857b"
          },
          "private": "bnVsbA==",
          "dependencies": [
            "module.database.scaleway_instance_server.instances",
            "module.proxy.scaleway_security_group.security_group",
            "module.web.scaleway_instance_server.instances"
          ]
        }
      ]
    },
    {
      "module": "module.database",
      "mode": "managed",
      "type": "scaleway_security_group_rule",
      "name": "services_outbound",
      "each": "list",
      "provider": "provider.scaleway",
      "instances": []
    },
    {
      "module": "module.web",
      "mode": "managed",
      "type": "scaleway_security_group_rule",
      "name": "services_outbound",
      "each": "list",
      "provider": "provider.scaleway",
      "instances": [
        {
          "index_key": 0,
          "schema_version": 0,
          "attributes": {
            "action": "accept",
            "direction": "outbound",
            "id": "1a44d8d5-5885-44cc-a85b-9075ff877526",
            "ip_range": "10.65.92.149",
            "port": 5432,
            "protocol": "TCP",
            "security_group": "223f0c22-acdf-46c5-8c13-edc63879279b"
          },
          "private": "bnVsbA==",
          "dependencies": [
            "module.database.scaleway_instance_server.instances",
            "module.database.scaleway_security_group.security_group",
            "module.web.scaleway_security_group.security_group"
          ]
        }
      ]
    },
    {
      "module": "module.proxy",
      "mode": "managed",
      "type": "scaleway_security_group_rule",
      "name": "services_outbound",
      "each": "list",
      "provider": "provider.scaleway",
      "instances": [
        {
          "index_key": 0,
          "schema_version": 0,
          "attributes": {
            "action": "accept",
            "direction": "outbound",
            "id": "778f53bc-d9fc-441d-9bdb-3a5a317d0774",
            "ip_range": "10.65.92.149",
            "port": 22,
            "protocol": "TCP",
            "security_group": "eebe2df8-6743-4f57-810e-9b3f2705857b"
          },
          "private": "bnVsbA==",
          "dependencies": [
            "module.database.scaleway_instance_server.instances",
            "module.proxy.scaleway_security_group.security_group",
            "module.web.scaleway_instance_server.instances"
          ]
        },
        {
          "index_key": 1,
          "schema_version": 0,
          "attributes": {
            "action": "accept",
            "direction": "outbound",
            "id": "ed7f2cfc-599e-4aa7-a3bd-7045664c9f76",
            "ip_range": "10.64.58.81",
            "port": 8080,
            "protocol": "TCP",
            "security_group": "eebe2df8-6743-4f57-810e-9b3f2705857b"
          },
          "private": "bnVsbA==",
          "dependencies": [
            "module.database.scaleway_instance_server.instances",
            "module.proxy.scaleway_security_group.security_group",
            "module.web.scaleway_instance_server.instances"
          ]
        },
        {
          "index_key": 2,
          "schema_version": 0,
          "attributes": {
            "action": "accept",
            "direction": "outbound",
            "id": "9b4c65c7-2b9f-4be6-888c-9a5d17af0e9e",
            "ip_range": "10.64.6.53",
            "port": 8080,
            "protocol": "TCP",
            "security_group": "eebe2df8-6743-4f57-810e-9b3f2705857b"
          },
          "private": "bnVsbA==",
          "dependencies": [
            "module.database.scaleway_instance_server.instances",
            "module.proxy.scaleway_security_group.security_group",
            "module.web.scaleway_instance_server.instances"
          ]
        },
        {
          "index_key": 3,
          "schema_version": 0,
          "attributes": {
            "action": "accept",
            "direction": "outbound",
            "id": "17cf0a74-0946-4e4a-a73f-60a7d096d0c0",
            "ip_range": "10.64.120.85",
            "port": 8080,
            "protocol": "TCP",
            "security_group": "eebe2df8-6743-4f57-810e-9b3f2705857b"
          },
          "private": "bnVsbA==",
          "dependencies": [
            "module.database.scaleway_instance_server.instances",
            "module.proxy.scaleway_security_group.security_group",
            "module.web.scaleway_instance_server.instances"
          ]
        },
        {
          "index_key": 4,
          "schema_version": 0,
          "attributes": {
            "action": "accept",
            "direction": "outbound",
            "id": "c810fde9-e1fd-44fc-af4d-8dee88c0d883",
            "ip_range": "10.64.58.81",
            "port": 22,
            "protocol": "TCP",
            "security_group": "eebe2df8-6743-4f57-810e-9b3f2705857b"
          },
          "private": "bnVsbA==",
          "dependencies": [
            "module.database.scaleway_instance_server.instances",
            "module.proxy.scaleway_security_group.security_group",
            "module.web.scaleway_instance_server.instances"
          ]
        },
        {
          "index_key": 5,
          "schema_version": 0,
          "attributes": {
            "action": "accept",
            "direction": "outbound",
            "id": "4494259a-e39f-4a4d-a5b1-e37a77676c31",
            "ip_range": "10.64.6.53",
            "port": 22,
            "protocol": "TCP",
            "security_group": "eebe2df8-6743-4f57-810e-9b3f2705857b"
          },
          "private": "bnVsbA==",
          "dependencies": [
            "module.database.scaleway_instance_server.instances",
            "module.proxy.scaleway_security_group.security_group",
            "module.web.scaleway_instance_server.instances"
          ]
        },
        {
          "index_key": 6,
          "schema_version": 0,
          "attributes": {
            "action": "accept",
            "direction": "outbound",
            "id": "f93f3f3b-2399-4b93-947e-0247e4d802f9",
            "ip_range": "10.64.120.85",
            "port": 22,
            "protocol": "TCP",
            "security_group": "eebe2df8-6743-4f57-810e-9b3f2705857b"
          },
          "private": "bnVsbA==",
          "dependencies": [
            "module.database.scaleway_instance_server.instances",
            "module.proxy.scaleway_security_group.security_group",
            "module.web.scaleway_instance_server.instances"
          ]
        }
      ]
    }
  ]
}
